
Microsoft Visual Studio Solution File, Format Version 12.00
# Visual Studio 15
VisualStudioVersion = 15.0.27004.2009
MinimumVisualStudioVersion = 10.0.40219.1
Project("{FAE04EC0-301F-11D3-BF4B-00C04F79EFBC}") = "DI", "DI\DI.csproj", "{ADED13DA-4794-4EEA-AA15-5D18C9906250}"
EndProject
Global
	GlobalSection(SolutionConfigurationPlatforms) = preSolution
		Debug|Any CPU = Debug|Any CPU
		Release|Any CPU = Release|Any CPU
	EndGlobalSection
	GlobalSection(ProjectConfigurationPlatforms) = postSolution
		{ADED13DA-4794-4EEA-AA15-5D18C9906250}.Debug|Any CPU.ActiveCfg = Debug|Any CPU
		{ADED13DA-4794-4EEA-AA15-5D18C9906250}.Debug|Any CPU.Build.0 = Debug|Any CPU
		{ADED13DA-4794-4EEA-AA15-5D18C9906250}.Release|Any CPU.ActiveCfg = Release|Any CPU
		{ADED13DA-4794-4EEA-AA15-5D18C9906250}.Release|Any CPU.Build.0 = Release|Any CPU
	EndGlobalSection
	GlobalSection(SolutionProperties) = preSolution
		HideSolutionNode = FALSE
	EndGlobalSection
	GlobalSection(ExtensibilityGlobals) = postSolution
		SolutionGuid = {B445A571-BB9D-4C75-BC3A-5BA919DB99CE}
	EndGlobalSection
EndGlobal
